dependencies:
- name: cert-manager
  repository: https://charts.jetstack.io
  version: v1.19.0
- name: traefik
  repository: https://traefik.github.io/charts
  version: 37.1.2
- name: kubernetes-dashboard
  repository: https://kubernetes.github.io/dashboard
  version: 7.13.0
- name: ducktors
  repository: file://charts/ducktors
  version: 0.1.0
- name: imh
  repository: file://charts/imh
  version: 0.1.0
- name: mailpit
  repository: file://charts/mailpit
  version: 0.1.0
- name: next
  repository: file://charts/next
  version: 0.1.0
- name: nginx
  repository: file://charts/nginx
  version: 0.1.0
- name: svelte-kit
  repository: file://charts/svelte-kit
  version: 0.1.0
- name: todos
  repository: file://charts/todos
  version: 0.1.0
- name: vite-spa
  repository: file://charts/vite-spa
  version: 0.1.0
- name: vaultwarden
  repository: file://charts/vaultwarden
  version: 0.1.0
digest: sha256:b535db013f6cf77c10671f386e445a807bb0cc681bb74ecce909ef8e1ea0c7bf
generated: "2025-11-10T01:54:47.966506Z"
