dependencies:
- name: traefik
  repository: https://traefik.github.io/charts
  version: 37.1.1
- name: imh
  repository: file://charts/imh
  version: 0.1.0
- name: next
  repository: file://charts/next
  version: 0.1.0
- name: svelte-kit
  repository: file://charts/svelte-kit
  version: 0.1.0
- name: vite-spa
  repository: file://charts/vite-spa
  version: 0.1.0
- name: vaultwarden
  repository: file://charts/vaultwarden
  version: 0.1.0
digest: sha256:b74d59458e2af7b012150db2f155c5d827e74c572dd72b307958b28386ee9eee
generated: "2025-09-25T13:13:01.304809+01:00"
